<?xml version="1.0" encoding="utf-8"?>
<Project ToolsVersion="4.0" xmlns="http://schemas.microsoft.com/developer/msbuild/2003">
  <ItemGroup>
    <Filter Include="src">
      <UniqueIdentifier>{f4931326-d1a6-4581-9823-5e8e4558c34d}</UniqueIdentifier>
    </Filter>
    <Filter Include="src\SDK">
      <UniqueIdentifier>{43e31860-2678-488b-b1e4-6cc8ce10a70d}</UniqueIdentifier>
    </Filter>
    <Filter Include="src\SDK\amx">
      <UniqueIdentifier>{6a3e049a-60e8-4ae8-b0d2-407aff285365}</UniqueIdentifier>
    </Filter>
  </ItemGroup>
  <ItemGroup>
    <ClCompile Include="src\main.cpp">
      <Filter>src</Filter>
    </ClCompile>
    <ClCompile Include="src\SDK\amxplugin.cpp">
      <Filter>src\SDK</Filter>
    </ClCompile>
  </ItemGroup>
  <ItemGroup>
    <ClInclude Include="src\main.h">
      <Filter>src</Filter>
    </ClInclude>
    <ClInclude Include="src\urmem.hpp">
      <Filter>src</Filter>
    </ClInclude>
    <ClInclude Include="src\SDK\plugincommon.h">
      <Filter>src\SDK</Filter>
    </ClInclude>
    <ClInclude Include="src\SDK\amx\amx.h">
      <Filter>src\SDK\amx</Filter>
    </ClInclude>
    <ClInclude Include="src\SDK\amx\sclinux.h">
      <Filter>src\SDK\amx</Filter>
    </ClInclude>
    <ClInclude Include="src\SDK\amx\getch.h">
      <Filter>src\SDK\amx</Filter>
    </ClInclude>
  </ItemGroup>
  <ItemGroup>
    <None Include="src\SDK\amx\amx.h.gch">
      <Filter>src\SDK\amx</Filter>
    </None>
    <None Include="src\SDK\amx\sclinux.h.gch">
      <Filter>src\SDK\amx</Filter>
    </None>
  </ItemGroup>
</Project>